// !$*UTF8*$!
{
	archiveVersion = 1;
	classes = {
	};
	objectVersion = 46;
	objects = {

/* Begin PBXBuildFile section */
		1D6959951E024AEF00EE72E7 /* main.m in Sources */ = {isa = PBXBuildFile; fileRef = 1D6959941E024AEF00EE72E7 /* main.m */; };
		1D6959981E024AEF00EE72E7 /* AppDelegate.m in Sources */ = {isa = PBXBuildFile; fileRef = 1D6959971E024AEF00EE72E7 /* AppDelegate.m */; };
		1D69599B1E024AEF00EE72E7 /* ViewController.m in Sources */ = {isa = PBXBuildFile; fileRef = 1D69599A1E024AEF00EE72E7 /* ViewController.m */; };
		1D69599E1E024AEF00EE72E7 /* Main.storyboard in Resources */ = {isa = PBXBuildFile; fileRef = 1D69599C1E024AEF00EE72E7 /* Main.storyboard */; };
		1D6959A01E024AEF00EE72E7 /* Assets.xcassets in Resources */ = {isa = PBXBuildFile; fileRef = 1D69599F1E024AEF00EE72E7 /* Assets.xcassets */; };
		1D6959A31E024AEF00EE72E7 /* LaunchScreen.storyboard in Resources */ = {isa = PBXBuildFile; fileRef = 1D6959A11E024AEF00EE72E7 /* LaunchScreen.storyboard */; };
		1D6959AF1E02756300EE72E7 /* AVAudioManager.m in Sources */ = {isa = PBXBuildFile; fileRef = 1D6959AE1E02756300EE72E7 /* AVAudioManager.m */; };
		94F23BE81EA6E97C00044B18 /* 11.jpg in Resources */ = {isa = PBXBuildFile; fileRef = 94F23BE71EA6E97C00044B18 /* 11.jpg */; };
		94F23BED1EA6ED0000044B18 /* showDetailTbController.m in Sources */ = {isa = PBXBuildFile; fileRef = 94F23BEC1EA6ED0000044B18 /* showDetailTbController.m */; };
		94F23C161EA72E5400044B18 /* messageDeatilVController.m in Sources */ = {isa = PBXBuildFile; fileRef = 94F23C151EA72E5400044B18 /* messageDeatilVController.m */; };
		94F23C1A1EA73D3100044B18 /* icon.png in Resources */ = {isa = PBXBuildFile; fileRef = 94F23C191EA73D3100044B18 /* icon.png */; };
		DA437AB71E7D420200D68F70 /* languageList.plist in Resources */ = {isa = PBXBuildFile; fileRef = DA437AB61E7D420200D68F70 /* languageList.plist */; };
		DA7CC8161E9F4A67007B4C19 /* SRdate.m in Sources */ = {isa = PBXBuildFile; fileRef = DA7CC8151E9F4A67007B4C19 /* SRdate.m */; };
		DAD2D50A1E6BFC58007EA8F0 /* ViewControllerFirst.m in Sources */ = {isa = PBXBuildFile; fileRef = DAD2D5091E6BFC58007EA8F0 /* ViewControllerFirst.m */; };
/* End PBXBuildFile section */

/* Begin PBXFileReference section */
		1D6959901E024AEF00EE72E7 /* SpeechRecognition.app */ = {isa = PBXFileReference; explicitFileType = wrapper.application; includeInIndex = 0; path = SpeechRecognition.app; sourceTree = BUILT_PRODUCTS_DIR; };
		1D6959941E024AEF00EE72E7 /* main.m */ = {isa = PBXFileReference; lastKnownFileType = sourcecode.c.objc; path = main.m; sourceTree = "<group>"; };
		1D6959961E024AEF00EE72E7 /* AppDelegate.h */ = {isa = PBXFileReference; lastKnownFileType = sourcecode.c.h; path = AppDelegate.h; sourceTree = "<group>"; };
		1D6959971E024AEF00EE72E7 /* AppDelegate.m */ = {isa = PBXFileReference; lastKnownFileType = sourcecode.c.objc; path = AppDelegate.m; sourceTree = "<group>"; };
		1D6959991E024AEF00EE72E7 /* ViewController.h */ = {isa = PBXFileReference; lastKnownFileType = sourcecode.c.h; path = ViewController.h; sourceTree = "<group>"; };
		1D69599A1E024AEF00EE72E7 /* ViewController.m */ = {isa = PBXFileReference; lastKnownFileType = sourcecode.c.objc; path = ViewController.m; sourceTree = "<group>"; };
		1D69599D1E024AEF00EE72E7 /* Base */ = {isa = PBXFileReference; lastKnownFileType = file.storyboard; name = Base; path = Base.lproj/Main.storyboard; sourceTree = "<group>"; };
		1D69599F1E024AEF00EE72E7 /* Assets.xcassets */ = {isa = PBXFileReference; lastKnownFileType = folder.assetcatalog; path = Assets.xcassets; sourceTree = "<group>"; };
		1D6959A21E024AEF00EE72E7 /* Base */ = {isa = PBXFileReference; lastKnownFileType = file.storyboard; name = Base; path = Base.lproj/LaunchScreen.storyboard; sourceTree = "<group>"; };
		1D6959A41E024AEF00EE72E7 /* Info.plist */ = {isa = PBXFileReference; lastKnownFileType = text.plist.xml; path = Info.plist; sourceTree = "<group>"; };
		1D6959AD1E02756300EE72E7 /* AVAudioManager.h */ = {isa = PBXFileReference; fileEncoding = 4; lastKnownFileType = sourcecode.c.h; path = AVAudioManager.h; sourceTree = "<group>"; };
		1D6959AE1E02756300EE72E7 /* AVAudioManager.m */ = {isa = PBXFileReference; fileEncoding = 4; lastKnownFileType = sourcecode.c.objc; path = AVAudioManager.m; sourceTree = "<group>"; };
		1D6959B01E03E28800EE72E7 /* SpeechRecognition.pch */ = {isa = PBXFileReference; fileEncoding = 4; lastKnownFileType = sourcecode.c.h; path = SpeechRecognition.pch; sourceTree = "<group>"; };
		94F23BE71EA6E97C00044B18 /* 11.jpg */ = {isa = PBXFileReference; lastKnownFileType = image.jpeg; path = 11.jpg; sourceTree = "<group>"; };
		94F23BEB1EA6ED0000044B18 /* showDetailTbController.h */ = {isa = PBXFileReference; fileEncoding = 4; lastKnownFileType = sourcecode.c.h; path = showDetailTbController.h; sourceTree = "<group>"; };
		94F23BEC1EA6ED0000044B18 /* showDetailTbController.m */ = {isa = PBXFileReference; fileEncoding = 4; lastKnownFileType = sourcecode.c.objc; path = showDetailTbController.m; sourceTree = "<group>"; };
		94F23C141EA72E5400044B18 /* messageDeatilVController.h */ = {isa = PBXFileReference; fileEncoding = 4; lastKnownFileType = sourcecode.c.h; path = messageDeatilVController.h; sourceTree = "<group>"; };
		94F23C151EA72E5400044B18 /* messageDeatilVController.m */ = {isa = PBXFileReference; fileEncoding = 4; lastKnownFileType = sourcecode.c.objc; path = messageDeatilVController.m; sourceTree = "<group>"; };
		94F23C191EA73D3100044B18 /* icon.png */ = {isa = PBXFileReference; lastKnownFileType = image.png; path = icon.png; sourceTree = "<group>"; };
		DA437AB61E7D420200D68F70 /* languageList.plist */ = {isa = PBXFileReference; fileEncoding = 4; lastKnownFileType = text.plist.xml; name = languageList.plist; path = resources/languageList.plist; sourceTree = "<group>"; };
		DA7CC8111E9F4933007B4C19 /* save@2x.png */ = {isa = PBXFileReference; lastKnownFileType = image.png; name = "save@2x.png"; path = "../../../../Downloads/Voice2Note-master/Voice2Note/Resource/save@2x.png"; sourceTree = "<group>"; };
		DA7CC8141E9F49F6007B4C19 /* SRdate.h */ = {isa = PBXFileReference; lastKnownFileType = sourcecode.c.h; path = SRdate.h; sourceTree = "<group>"; };
		DA7CC8151E9F4A67007B4C19 /* SRdate.m */ = {isa = PBXFileReference; fileEncoding = 4; lastKnownFileType = sourcecode.c.objc; path = SRdate.m; sourceTree = "<group>"; };
		DAD2D5081E6BFC58007EA8F0 /* ViewControllerFirst.h */ = {isa = PBXFileReference; fileEncoding = 4; lastKnownFileType = sourcecode.c.h; path = ViewControllerFirst.h; sourceTree = "<group>"; };
		DAD2D5091E6BFC58007EA8F0 /* ViewControllerFirst.m */ = {isa = PBXFileReference; fileEncoding = 4; lastKnownFileType = sourcecode.c.objc; path = ViewControllerFirst.m; sourceTree = "<group>"; };
		DAE9F23E1E6A848300A434AE /* zh-Hans */ = {isa = PBXFileReference; lastKnownFileType = text.plist.strings; name = "zh-Hans"; path = "zh-Hans.lproj/Main.strings"; sourceTree = "<group>"; };
		DAE9F23F1E6A848300A434AE /* zh-Hans */ = {isa = PBXFileReference; lastKnownFileType = text.plist.strings; name = "zh-Hans"; path = "zh-Hans.lproj/LaunchScreen.strings"; sourceTree = "<group>"; };
		DAE9F2401E6A849900A434AE /* de */ = {isa = PBXFileReference; lastKnownFileType = text.plist.strings; name = de; path = de.lproj/Main.strings; sourceTree = "<group>"; };
		DAE9F2411E6A849900A434AE /* de */ = {isa = PBXFileReference; lastKnownFileType = text.plist.strings; name = de; path = de.lproj/LaunchScreen.strings; sourceTree = "<group>"; };
		DAE9F2431E6A9D4A00A434AE /* en */ = {isa = PBXFileReference; lastKnownFileType = text.plist.strings; name = en; path = en.lproj/Main.strings; sourceTree = "<group>"; };
/* End PBXFileReference section */

/* Begin PBXFrameworksBuildPhase section */
		1D69598D1E024AEF00EE72E7 /* Frameworks */ = {
			isa = PBXFrameworksBuildPhase;
			buildActionMask = 2147483647;
			files = (
			);
			runOnlyForDeploymentPostprocessing = 0;
		};
/* End PBXFrameworksBuildPhase section */

/* Begin PBXGroup section */
		1D6959871E024AEF00EE72E7 = {
			isa = PBXGroup;
			children = (
				1D6959921E024AEF00EE72E7 /* SpeechRecognition */,
				1D6959911E024AEF00EE72E7 /* Products */,
			);
			sourceTree = "<group>";
		};
		1D6959911E024AEF00EE72E7 /* Products */ = {
			isa = PBXGroup;
			children = (
				1D6959901E024AEF00EE72E7 /* SpeechRecognition.app */,
			);
			name = Products;
			sourceTree = "<group>";
		};
		1D6959921E024AEF00EE72E7 /* SpeechRecognition */ = {
			isa = PBXGroup;
			children = (
				DA7CC8131E9F4991007B4C19 /* Localization */,
				DA7CC8101E9F48BF007B4C19 /* resourcces */,
				DAD2D50C1E6BFD05007EA8F0 /* Recognition */,
				DAD2D50B1E6BFCBD007EA8F0 /* ViewController */,
				1D6959961E024AEF00EE72E7 /* AppDelegate.h */,
				1D6959971E024AEF00EE72E7 /* AppDelegate.m */,
				1D69599C1E024AEF00EE72E7 /* Main.storyboard */,
				94F23C191EA73D3100044B18 /* icon.png */,
				1D69599F1E024AEF00EE72E7 /* Assets.xcassets */,
				94F23BE71EA6E97C00044B18 /* 11.jpg */,
				1D6959A11E024AEF00EE72E7 /* LaunchScreen.storyboard */,
				1D6959A41E024AEF00EE72E7 /* Info.plist */,
				DA437AB61E7D420200D68F70 /* languageList.plist */,
				1D6959931E024AEF00EE72E7 /* Supporting Files */,
			);
			name = SpeechRecognition;
			path = SXSpeechRecognitionTwoWays;
			sourceTree = "<group>";
		};
		1D6959931E024AEF00EE72E7 /* Supporting Files */ = {
			isa = PBXGroup;
			children = (
				1D6959941E024AEF00EE72E7 /* main.m */,
			);
			name = "Supporting Files";
			sourceTree = "<group>";
		};
		DA7CC8101E9F48BF007B4C19 /* resourcces */ = {
			isa = PBXGroup;
			children = (
				DA7CC8111E9F4933007B4C19 /* save@2x.png */,
			);
			name = resourcces;
			sourceTree = "<group>";
		};
		DA7CC8131E9F4991007B4C19 /* Localization */ = {
			isa = PBXGroup;
			children = (
				DA7CC8141E9F49F6007B4C19 /* SRdate.h */,
				DA7CC8151E9F4A67007B4C19 /* SRdate.m */,
			);
			name = Localization;
			sourceTree = "<group>";
		};
		DAD2D50B1E6BFCBD007EA8F0 /* ViewController */ = {
			isa = PBXGroup;
			children = (
				DAD2D5081E6BFC58007EA8F0 /* ViewControllerFirst.h */,
				DAD2D5091E6BFC58007EA8F0 /* ViewControllerFirst.m */,
				1D6959991E024AEF00EE72E7 /* ViewController.h */,
				1D69599A1E024AEF00EE72E7 /* ViewController.m */,
				94F23BEB1EA6ED0000044B18 /* showDetailTbController.h */,
				94F23BEC1EA6ED0000044B18 /* showDetailTbController.m */,
				94F23C141EA72E5400044B18 /* messageDeatilVController.h */,
				94F23C151EA72E5400044B18 /* messageDeatilVController.m */,
			);
			name = ViewController;
			sourceTree = "<group>";
		};
		DAD2D50C1E6BFD05007EA8F0 /* Recognition */ = {
			isa = PBXGroup;
			children = (
				1D6959AD1E02756300EE72E7 /* AVAudioManager.h */,
				1D6959AE1E02756300EE72E7 /* AVAudioManager.m */,
				1D6959B01E03E28800EE72E7 /* SpeechRecognition.pch */,
			);
			name = Recognition;
			sourceTree = "<group>";
		};
/* End PBXGroup section */

/* Begin PBXNativeTarget section */
		1D69598F1E024AEF00EE72E7 /* SpeechRecognition */ = {
			isa = PBXNativeTarget;
			buildConfigurationList = 1D6959A71E024AEF00EE72E7 /* Build configuration list for PBXNativeTarget "SpeechRecognition" */;
			buildPhases = (
				1D69598C1E024AEF00EE72E7 /* Sources */,
				1D69598D1E024AEF00EE72E7 /* Frameworks */,
				1D69598E1E024AEF00EE72E7 /* Resources */,
			);
			buildRules = (
			);
			dependencies = (
			);
			name = SpeechRecognition;
			productName = SXSpeechRecognitionTwoWays;
			productReference = 1D6959901E024AEF00EE72E7 /* SpeechRecognition.app */;
			productType = "com.apple.product-type.application";
		};
/* End PBXNativeTarget section */

/* Begin PBXProject section */
		1D6959881E024AEF00EE72E7 /* Project object */ = {
			isa = PBXProject;
			attributes = {
				LastUpgradeCheck = 0820;
				ORGANIZATIONNAME = Sankuai;
				TargetAttributes = {
					1D69598F1E024AEF00EE72E7 = {
						CreatedOnToolsVersion = 8.0;
						DevelopmentTeam = CKX8UHK349;
						ProvisioningStyle = Automatic;
					};
				};
			};
			buildConfigurationList = 1D69598B1E024AEF00EE72E7 /* Build configuration list for PBXProject "SpeechRecognition" */;
			compatibilityVersion = "Xcode 3.2";
			developmentRegion = English;
			hasScannedForEncodings = 0;
			knownRegions = (
				en,
				Base,
			);
			mainGroup = 1D6959871E024AEF00EE72E7;
			productRefGroup = 1D6959911E024AEF00EE72E7 /* Products */;
			projectDirPath = "";
			projectRoot = "";
			targets = (
				1D69598F1E024AEF00EE72E7 /* SpeechRecognition */,
			);
		};
/* End PBXProject section */

/* Begin PBXResourcesBuildPhase section */
		1D69598E1E024AEF00EE72E7 /* Resources */ = {
			isa = PBXResourcesBuildPhase;
			buildActionMask = 2147483647;
			files = (
				DA437AB71E7D420200D68F70 /* languageList.plist in Resources */,
				1D6959A31E024AEF00EE72E7 /* LaunchScreen.storyboard in Resources */,
				1D6959A01E024AEF00EE72E7 /* Assets.xcassets in Resources */,
				1D69599E1E024AEF00EE72E7 /* Main.storyboard in Resources */,
				94F23C1A1EA73D3100044B18 /* icon.png in Resources */,
				94F23BE81EA6E97C00044B18 /* 11.jpg in Resources */,
			);
			runOnlyForDeploymentPostprocessing = 0;
		};
/* End PBXResourcesBuildPhase section */

/* Begin PBXSourcesBuildPhase section */
		1D69598C1E024AEF00EE72E7 /* Sources */ = {
			isa = PBXSourcesBuildPhase;
			buildActionMask = 2147483647;
			files = (
				DAD2D50A1E6BFC58007EA8F0 /* ViewControllerFirst.m in Sources */,
				94F23BED1EA6ED0000044B18 /* showDetailTbController.m in Sources */,
				1D69599B1E024AEF00EE72E7 /* ViewController.m in Sources */,
				1D6959AF1E02756300EE72E7 /* AVAudioManager.m in Sources */,
				1D6959981E024AEF00EE72E7 /* AppDelegate.m in Sources */,
				DA7CC8161E9F4A67007B4C19 /* SRdate.m in Sources */,
				1D6959951E024AEF00EE72E7 /* main.m in Sources */,
				94F23C161EA72E5400044B18 /* messageDeatilVController.m in Sources */,
			);
			runOnlyForDeploymentPostprocessing = 0;
		};
/* End PBXSourcesBuildPhase section */

/* Begin PBXVariantGroup section */
		1D69599C1E024AEF00EE72E7 /* Main.storyboard */ = {
			isa = PBXVariantGroup;
			children = (
				1D69599D1E024AEF00EE72E7 /* Base */,
				DAE9F23E1E6A848300A434AE /* zh-Hans */,
				DAE9F2401E6A849900A434AE /* de */,
				DAE9F2431E6A9D4A00A434AE /* en */,
			);
			name = Main.storyboard;
			sourceTree = "<group>";
		};
		1D6959A11E024AEF00EE72E7 /* LaunchScreen.storyboard */ = {
			isa = PBXVariantGroup;
			children = (
				1D6959A21E024AEF00EE72E7 /* Base */,
				DAE9F23F1E6A848300A434AE /* zh-Hans */,
				DAE9F2411E6A849900A434AE /* de */,
			);
			name = LaunchScreen.storyboard;
			sourceTree = "<group>";
		};
/* End PBXVariantGroup section */

/* Begin XCBuildConfiguration section */
		1D6959A51E024AEF00EE72E7 /* Debug */ = {
			isa = XCBuildConfiguration;
			buildSettings = {
				ALWAYS_SEARCH_USER_PATHS = NO;
				CLANG_ANALYZER_LOCALIZABILITY_NONLOCALIZED = YES;
				CLANG_ANALYZER_NONNULL = YES;
				CLANG_CXX_LANGUAGE_STANDARD = "gnu++0x";
				CLANG_CXX_LIBRARY = "libc++";
				CLANG_ENABLE_MODULES = YES;
				CLANG_ENABLE_OBJC_ARC = YES;
				CLANG_WARN_BOOL_CONVERSION = YES;
				CLANG_WARN_CONSTANT_CONVERSION = YES;
				CLANG_WARN_DIRECT_OBJC_ISA_USAGE = YES_ERROR;
				CLANG_WARN_DOCUMENTATION_COMMENTS = YES;
				CLANG_WARN_EMPTY_BODY = YES;
				CLANG_WARN_ENUM_CONVERSION = YES;
				CLANG_WARN_INFINITE_RECURSION = YES;
				CLANG_WARN_INT_CONVERSION = YES;
				CLANG_WARN_OBJC_ROOT_CLASS = YES_ERROR;
				CLANG_WARN_SUSPICIOUS_MOVE = YES;
				CLANG_WARN_SUSPICIOUS_MOVES = YES;
				CLANG_WARN_UNREACHABLE_CODE = YES;
				CLANG_WARN__DUPLICATE_METHOD_MATCH = YES;
				"CODE_SIGN_IDENTITY[sdk=iphoneos*]" = "iPhone Developer";
				COPY_PHASE_STRIP = NO;
				DEBUG_INFORMATION_FORMAT = dwarf;
				ENABLE_STRICT_OBJC_MSGSEND = YES;
				ENABLE_TESTABILITY = YES;
				GCC_C_LANGUAGE_STANDARD = gnu99;
				GCC_DYNAMIC_NO_PIC = NO;
				GCC_NO_COMMON_BLOCKS = YES;
				GCC_OPTIMIZATION_LEVEL = 0;
				GCC_PREPROCESSOR_DEFINITIONS = (
					"DEBUG=1",
					"$(inherited)",
				);
				GCC_WARN_64_TO_32_BIT_CONVERSION = YES;
				GCC_WARN_ABOUT_RETURN_TYPE = YES_ERROR;
				GCC_WARN_UNDECLARED_SELECTOR = YES;
				GCC_WARN_UNINITIALIZED_AUTOS = YES_AGGRESSIVE;
				GCC_WARN_UNUSED_FUNCTION = YES;
				GCC_WARN_UNUSED_VARIABLE = YES;
				IPHONEOS_DEPLOYMENT_TARGET = 10.2;
				MTL_ENABLE_DEBUG_INFO = YES;
				ONLY_ACTIVE_ARCH = YES;
				SDKROOT = iphoneos;
				TARGETED_DEVICE_FAMILY = "1,2";
			};
			name = Debug;
		};
		1D6959A61E024AEF00EE72E7 /* Release */ = {
			isa = XCBuildConfiguration;
			buildSettings = {
				ALWAYS_SEARCH_USER_PATHS = NO;
				CLANG_ANALYZER_LOCALIZABILITY_NONLOCALIZED = YES;
				CLANG_ANALYZER_NONNULL = YES;
				CLANG_CXX_LANGUAGE_STANDARD = "gnu++0x";
				CLANG_CXX_LIBRARY = "libc++";
				CLANG_ENABLE_MODULES = YES;
				CLANG_ENABLE_OBJC_ARC = YES;
				CLANG_WARN_BOOL_CONVERSION = YES;
				CLANG_WARN_CONSTANT_CONVERSION = YES;
				CLANG_WARN_DIRECT_OBJC_ISA_USAGE = YES_ERROR;
				CLANG_WARN_DOCUMENTATION_COMMENTS = YES;
				CLANG_WARN_EMPTY_BODY = YES;
				CLANG_WARN_ENUM_CONVERSION = YES;
				CLANG_WARN_INFINITE_RECURSION = YES;
				CLANG_WARN_INT_CONVERSION = YES;
				CLANG_WARN_OBJC_ROOT_CLASS = YES_ERROR;
				CLANG_WARN_SUSPICIOUS_MOVE = YES;
				CLANG_WARN_SUSPICIOUS_MOVES = YES;
				CLANG_WARN_UNREACHABLE_CODE = YES;
				CLANG_WARN__DUPLICATE_METHOD_MATCH = YES;
				"CODE_SIGN_IDENTITY[sdk=iphoneos*]" = "iPhone Developer";
				COPY_PHASE_STRIP = NO;
				DEBUG_INFORMATION_FORMAT = "dwarf-with-dsym";
				ENABLE_NS_ASSERTIONS = NO;
				ENABLE_STRICT_OBJC_MSGSEND = YES;
				GCC_C_LANGUAGE_STANDARD = gnu99;
				GCC_NO_COMMON_BLOCKS = YES;
				GCC_WARN_64_TO_32_BIT_CONVERSION = YES;
				GCC_WARN_ABOUT_RETURN_TYPE = YES_ERROR;
				GCC_WARN_UNDECLARED_SELECTOR = YES;
				GCC_WARN_UNINITIALIZED_AUTOS = YES_AGGRESSIVE;
				GCC_WARN_UNUSED_FUNCTION = YES;
				GCC_WARN_UNUSED_VARIABLE = YES;
				IPHONEOS_DEPLOYMENT_TARGET = 10.2;
				MTL_ENABLE_DEBUG_INFO = NO;
				SDKROOT = iphoneos;
				TARGETED_DEVICE_FAMILY = "1,2";
				VALIDATE_PRODUCT = YES;
			};
			name = Release;
		};
		1D6959A81E024AEF00EE72E7 /* Debug */ = {
			isa = XCBuildConfiguration;
			buildSettings = {
				"CODE_SIGN_IDENTITY[sdk=iphoneos*]" = "iPhone Developer";
				DEVELOPMENT_TEAM = CKX8UHK349;
				GCC_PRECOMPILE_PREFIX_HEADER = YES;
				GCC_PREFIX_HEADER = SXSpeechRecognitionTwoWays/SpeechRecognition.pch;
				INFOPLIST_FILE = SXSpeechRecognitionTwoWays/Info.plist;
				IPHONEOS_DEPLOYMENT_TARGET = 10.2;
				LD_RUNPATH_SEARCH_PATHS = "$(inherited) @executable_path/Frameworks";
				PRODUCT_BUNDLE_IDENTIFIER = com.dsy;
				PRODUCT_NAME = "$(TARGET_NAME)";
				TARGETED_DEVICE_FAMILY = "1,2";
			};
			name = Debug;
		};
		1D6959A91E024AEF00EE72E7 /* Release */ = {
			isa = XCBuildConfiguration;
			buildSettings = {
				"CODE_SIGN_IDENTITY[sdk=iphoneos*]" = "iPhone Developer";
				DEVELOPMENT_TEAM = CKX8UHK349;
				GCC_PRECOMPILE_PREFIX_HEADER = YES;
				GCC_PREFIX_HEADER = SXSpeechRecognitionTwoWays/SpeechRecognition.pch;
				INFOPLIST_FILE = SXSpeechRecognitionTwoWays/Info.plist;
				IPHONEOS_DEPLOYMENT_TARGET = 10.2;
				LD_RUNPATH_SEARCH_PATHS = "$(inherited) @executable_path/Frameworks";
				PRODUCT_BUNDLE_IDENTIFIER = com.dsy;
				PRODUCT_NAME = "$(TARGET_NAME)";
				TARGETED_DEVICE_FAMILY = "1,2";
			};
			name = Release;
		};
/* End XCBuildConfiguration section */

/* Begin XCConfigurationList section */
		1D69598B1E024AEF00EE72E7 /* Build configuration list for PBXProject "SpeechRecognition" */ = {
			isa = XCConfigurationList;
			buildConfigurations = (
				1D6959A51E024AEF00EE72E7 /* Debug */,
				1D6959A61E024AEF00EE72E7 /* Release */,
			);
			defaultConfigurationIsVisible = 0;
			defaultConfigurationName = Release;
		};
		1D6959A71E024AEF00EE72E7 /* Build configuration list for PBXNativeTarget "SpeechRecognition" */ = {
			isa = XCConfigurationList;
			buildConfigurations = (
				1D6959A81E024AEF00EE72E7 /* Debug */,
				1D6959A91E024AEF00EE72E7 /* Release */,
			);
			defaultConfigurationIsVisible = 0;
			defaultConfigurationName = Release;
		};
/* End XCConfigurationList section */
	};
	rootObject = 1D6959881E024AEF00EE72E7 /* Project object */;
}
